
Microsoft Visual Studio Solution File, Format Version 12.00
# Visual Studio Version 17
VisualStudioVersion = 17.11.35222.181
MinimumVisualStudioVersion = 10.0.40219.1
Project("{FAE04EC0-301F-11D3-BF4B-00C04F79EFBC}") = "G24W11WPFCounter", "G24W11WPFCounter\G24W11WPFCounter.csproj", "{0C865843-F63A-4B78-8900-23AE5533F167}"
EndProject
Global
	GlobalSection(SolutionConfigurationPlatforms) = preSolution
		Debug|Any CPU = Debug|Any CPU
		Release|Any CPU = Release|Any CPU
	EndGlobalSection
	GlobalSection(ProjectConfigurationPlatforms) = postSolution
		{0C865843-F63A-4B78-8900-23AE5533F167}.Debug|Any CPU.ActiveCfg = Debug|Any CPU
		{0C865843-F63A-4B78-8900-23AE5533F167}.Debug|Any CPU.Build.0 = Debug|Any CPU
		{0C865843-F63A-4B78-8900-23AE5533F167}.Release|Any CPU.ActiveCfg = Release|Any CPU
		{0C865843-F63A-4B78-8900-23AE5533F167}.Release|Any CPU.Build.0 = Release|Any CPU
	EndGlobalSection
	GlobalSection(SolutionProperties) = preSolution
		HideSolutionNode = FALSE
	EndGlobalSection
	GlobalSection(ExtensibilityGlobals) = postSolution
		SolutionGuid = {4FC1A180-070E-40D3-8F47-28E1FD4EA515}
	EndGlobalSection
EndGlobal
